
Microsoft Visual Studio Solution File, Format Version 12.00
# Visual Studio Version 16
VisualStudioVersion = 16.0.34601.136
MinimumVisualStudioVersion = 10.0.40219.1
Project("{FAE04EC0-301F-11D3-BF4B-00C04F79EFBC}") = "TVM_bài hướng dẫn 1", "TVM_bài hướng dẫn 1\TVM_bài hướng dẫn 1.csproj", "{B2785147-A03B-4561-9779-2810A36AFB7F}"
EndProject
Global
	GlobalSection(SolutionConfigurationPlatforms) = preSolution
		Debug|Any CPU = Debug|Any CPU
		Release|Any CPU = Release|Any CPU
	EndGlobalSection
	GlobalSection(ProjectConfigurationPlatforms) = postSolution
		{B2785147-A03B-4561-9779-2810A36AFB7F}.Debug|Any CPU.ActiveCfg = Debug|Any CPU
		{B2785147-A03B-4561-9779-2810A36AFB7F}.Debug|Any CPU.Build.0 = Debug|Any CPU
		{B2785147-A03B-4561-9779-2810A36AFB7F}.Release|Any CPU.ActiveCfg = Release|Any CPU
		{B2785147-A03B-4561-9779-2810A36AFB7F}.Release|Any CPU.Build.0 = Release|Any CPU
	EndGlobalSection
	GlobalSection(SolutionProperties) = preSolution
		HideSolutionNode = FALSE
	EndGlobalSection
	GlobalSection(ExtensibilityGlobals) = postSolution
		SolutionGuid = {6DCAE447-078D-421C-B543-D088663464B7}
	EndGlobalSection
EndGlobal
